
Microsoft Visual Studio Solution File, Format Version 12.00
# Visual Studio 15
VisualStudioVersion = 15.0.28307.572
MinimumVisualStudioVersion = 10.0.40219.1
Project("{9A19103F-16F7-4668-BE54-9A1E7A4F7556}") = "SandBoxV2", "SandBoxV2\SandBoxV2.csproj", "{16848827-7CEF-457A-A292-D5E2CA6A6E14}"
EndProject
Global
	GlobalSection(SolutionConfigurationPlatforms) = preSolution
		Debug|Any CPU = Debug|Any CPU
		Release|Any CPU = Release|Any CPU
	EndGlobalSection
	GlobalSection(ProjectConfigurationPlatforms) = postSolution
		{16848827-7CEF-457A-A292-D5E2CA6A6E14}.Debug|Any CPU.ActiveCfg = Debug|Any CPU
		{16848827-7CEF-457A-A292-D5E2CA6A6E14}.Debug|Any CPU.Build.0 = Debug|Any CPU
		{16848827-7CEF-457A-A292-D5E2CA6A6E14}.Release|Any CPU.ActiveCfg = Release|Any CPU
		{16848827-7CEF-457A-A292-D5E2CA6A6E14}.Release|Any CPU.Build.0 = Release|Any CPU
	EndGlobalSection
	GlobalSection(SolutionProperties) = preSolution
		HideSolutionNode = FALSE
	EndGlobalSection
	GlobalSection(ExtensibilityGlobals) = postSolution
		SolutionGuid = {0F55CCB8-9721-48A8-99A8-15805CDD1960}
	EndGlobalSection
EndGlobal
